
Microsoft Visual Studio Solution File, Format Version 12.00
# Visual Studio Version 17
VisualStudioVersion = 17.9.34607.119
MinimumVisualStudioVersion = 10.0.40219.1
Project("{FAE04EC0-301F-11D3-BF4B-00C04F79EFBC}") = "ProgramaArray.ConsoleApp", "ProgramaArray.ConsoleApp\ProgramaArray.ConsoleApp.csproj", "{3F1B42B0-DFCE-4297-B7FC-F3DB13971ABE}"
EndProject
Global
	GlobalSection(SolutionConfigurationPlatforms) = preSolution
		Debug|Any CPU = Debug|Any CPU
		Release|Any CPU = Release|Any CPU
	EndGlobalSection
	GlobalSection(ProjectConfigurationPlatforms) = postSolution
		{3F1B42B0-DFCE-4297-B7FC-F3DB13971ABE}.Debug|Any CPU.ActiveCfg = Debug|Any CPU
		{3F1B42B0-DFCE-4297-B7FC-F3DB13971ABE}.Debug|Any CPU.Build.0 = Debug|Any CPU
		{3F1B42B0-DFCE-4297-B7FC-F3DB13971ABE}.Release|Any CPU.ActiveCfg = Release|Any CPU
		{3F1B42B0-DFCE-4297-B7FC-F3DB13971ABE}.Release|Any CPU.Build.0 = Release|Any CPU
	EndGlobalSection
	GlobalSection(SolutionProperties) = preSolution
		HideSolutionNode = FALSE
	EndGlobalSection
	GlobalSection(ExtensibilityGlobals) = postSolution
		SolutionGuid = {6253C4C5-B00F-411F-9496-0A46313685D0}
	EndGlobalSection
EndGlobal
